
Microsoft Visual Studio Solution File, Format Version 12.00
# Visual Studio Version 17
VisualStudioVersion = 17.6.33815.320
MinimumVisualStudioVersion = 10.0.40219.1
Project("{FAE04EC0-301F-11D3-BF4B-00C04F79EFBC}") = "WebApplication3", "WebApplication3\WebApplication3.csproj", "{B8295234-870D-4827-95F3-2BBE8B03EBBC}"
EndProject
Global
	GlobalSection(SolutionConfigurationPlatforms) = preSolution
		Debug|Any CPU = Debug|Any CPU
		Release|Any CPU = Release|Any CPU
	EndGlobalSection
	GlobalSection(ProjectConfigurationPlatforms) = postSolution
		{B8295234-870D-4827-95F3-2BBE8B03EBBC}.Debug|Any CPU.ActiveCfg = Debug|Any CPU
		{B8295234-870D-4827-95F3-2BBE8B03EBBC}.Debug|Any CPU.Build.0 = Debug|Any CPU
		{B8295234-870D-4827-95F3-2BBE8B03EBBC}.Release|Any CPU.ActiveCfg = Release|Any CPU
		{B8295234-870D-4827-95F3-2BBE8B03EBBC}.Release|Any CPU.Build.0 = Release|Any CPU
	EndGlobalSection
	GlobalSection(SolutionProperties) = preSolution
		HideSolutionNode = FALSE
	EndGlobalSection
	GlobalSection(ExtensibilityGlobals) = postSolution
		SolutionGuid = {D20DC47C-9012-4E77-8062-61F567E652D2}
	EndGlobalSection
EndGlobal
